
Microsoft Visual Studio Solution File, Format Version 12.00
# Visual Studio Version 17
VisualStudioVersion = 17.8.34316.72
MinimumVisualStudioVersion = 10.0.40219.1
Project("{FAE04EC0-301F-11D3-BF4B-00C04F79EFBC}") = "Ssr", "Ssr\Ssr.csproj", "{94BB9ECE-0433-4B04-8389-820ABCF2EEE8}"
EndProject
Global
	GlobalSection(SolutionConfigurationPlatforms) = preSolution
		Debug|Any CPU = Debug|Any CPU
		Release|Any CPU = Release|Any CPU
	EndGlobalSection
	GlobalSection(ProjectConfigurationPlatforms) = postSolution
		{94BB9ECE-0433-4B04-8389-820ABCF2EEE8}.Debug|Any CPU.ActiveCfg = Debug|Any CPU
		{94BB9ECE-0433-4B04-8389-820ABCF2EEE8}.Debug|Any CPU.Build.0 = Debug|Any CPU
		{94BB9ECE-0433-4B04-8389-820ABCF2EEE8}.Release|Any CPU.ActiveCfg = Release|Any CPU
		{94BB9ECE-0433-4B04-8389-820ABCF2EEE8}.Release|Any CPU.Build.0 = Release|Any CPU
	EndGlobalSection
	GlobalSection(SolutionProperties) = preSolution
		HideSolutionNode = FALSE
	EndGlobalSection
	GlobalSection(ExtensibilityGlobals) = postSolution
		SolutionGuid = {5C5A7EDB-C3F5-42E6-896C-927B0EE1FDD3}
	EndGlobalSection
EndGlobal
